// !$*UTF8*$!
{
	archiveVersion = 1;
	classes = {
	};
	objectVersion = 56;
	objects = {

/* Begin PBXBuildFile section */
		A8FA0E03296AE50A00D45AB1 /* AppDelegate.swift in Sources */ = {isa = PBXBuildFile; fileRef = A8FA0E02296AE50A00D45AB1 /* AppDelegate.swift */; };
		A8FA0E05296AE50A00D45AB1 /* SceneDelegate.swift in Sources */ = {isa = PBXBuildFile; fileRef = A8FA0E04296AE50A00D45AB1 /* SceneDelegate.swift */; };
		A8FA0E07296AE50A00D45AB1 /* ViewController.swift in Sources */ = {isa = PBXBuildFile; fileRef = A8FA0E06296AE50A00D45AB1 /* ViewController.swift */; };
		A8FA0E0A296AE50A00D45AB1 /* Main.storyboard in Resources */ = {isa = PBXBuildFile; fileRef = A8FA0E08296AE50A00D45AB1 /* Main.storyboard */; };
		A8FA0E0C296AE50C00D45AB1 /* Assets.xcassets in Resources */ = {isa = PBXBuildFile; fileRef = A8FA0E0B296AE50C00D45AB1 /* Assets.xcassets */; };
		A8FA0E0F296AE50C00D45AB1 /* LaunchScreen.storyboard in Resources */ = {isa = PBXBuildFile; fileRef = A8FA0E0D296AE50C00D45AB1 /* LaunchScreen.storyboard */; };
		A8FA0E1A296ED91900D45AB1 /* WeatherTableViewCell.swift in Sources */ = {isa = PBXBuildFile; fileRef = A8FA0E18296ED91900D45AB1 /* WeatherTableViewCell.swift */; };
		A8FA0E1B296ED91900D45AB1 /* WeatherTableViewCell.xib in Resources */ = {isa = PBXBuildFile; fileRef = A8FA0E19296ED91900D45AB1 /* WeatherTableViewCell.xib */; };
		A8FA0E1E296ED93B00D45AB1 /* HourlyTableViewCell.swift in Sources */ = {isa = PBXBuildFile; fileRef = A8FA0E1C296ED93B00D45AB1 /* HourlyTableViewCell.swift */; };
		A8FA0E1F296ED93B00D45AB1 /* HourlyTableViewCell.xib in Resources */ = {isa = PBXBuildFile; fileRef = A8FA0E1D296ED93B00D45AB1 /* HourlyTableViewCell.xib */; };
		A8FA0E232971641D00D45AB1 /* WeatherCollectionViewCell.swift in Sources */ = {isa = PBXBuildFile; fileRef = A8FA0E212971641D00D45AB1 /* WeatherCollectionViewCell.swift */; };
		A8FA0E242971641D00D45AB1 /* WeatherCollectionViewCell.xib in Resources */ = {isa = PBXBuildFile; fileRef = A8FA0E222971641D00D45AB1 /* WeatherCollectionViewCell.xib */; };
/* End PBXBuildFile section */

/* Begin PBXFileReference section */
		A8FA0DFF296AE50A00D45AB1 /* MyWeather.app */ = {isa = PBXFileReference; explicitFileType = wrapper.application; includeInIndex = 0; path = MyWeather.app; sourceTree = BUILT_PRODUCTS_DIR; };
		A8FA0E02296AE50A00D45AB1 /* AppDelegate.swift */ = {isa = PBXFileReference; lastKnownFileType = sourcecode.swift; path = AppDelegate.swift; sourceTree = "<group>"; };
		A8FA0E04296AE50A00D45AB1 /* SceneDelegate.swift */ = {isa = PBXFileReference; lastKnownFileType = sourcecode.swift; path = SceneDelegate.swift; sourceTree = "<group>"; };
		A8FA0E06296AE50A00D45AB1 /* ViewController.swift */ = {isa = PBXFileReference; lastKnownFileType = sourcecode.swift; path = ViewController.swift; sourceTree = "<group>"; };
		A8FA0E09296AE50A00D45AB1 /* Base */ = {isa = PBXFileReference; lastKnownFileType = file.storyboard; name = Base; path = Base.lproj/Main.storyboard; sourceTree = "<group>"; };
		A8FA0E0B296AE50C00D45AB1 /* Assets.xcassets */ = {isa = PBXFileReference; lastKnownFileType = folder.assetcatalog; path = Assets.xcassets; sourceTree = "<group>"; };
		A8FA0E0E296AE50C00D45AB1 /* Base */ = {isa = PBXFileReference; lastKnownFileType = file.storyboard; name = Base; path = Base.lproj/LaunchScreen.storyboard; sourceTree = "<group>"; };
		A8FA0E10296AE50C00D45AB1 /* Info.plist */ = {isa = PBXFileReference; lastKnownFileType = text.plist.xml; path = Info.plist; sourceTree = "<group>"; };
		A8FA0E18296ED91900D45AB1 /* WeatherTableViewCell.swift */ = {isa = PBXFileReference; lastKnownFileType = sourcecode.swift; path = WeatherTableViewCell.swift; sourceTree = "<group>"; };
		A8FA0E19296ED91900D45AB1 /* WeatherTableViewCell.xib */ = {isa = PBXFileReference; lastKnownFileType = file.xib; path = WeatherTableViewCell.xib; sourceTree = "<group>"; };
		A8FA0E1C296ED93B00D45AB1 /* HourlyTableViewCell.swift */ = {isa = PBXFileReference; lastKnownFileType = sourcecode.swift; path = HourlyTableViewCell.swift; sourceTree = "<group>"; };
		A8FA0E1D296ED93B00D45AB1 /* HourlyTableViewCell.xib */ = {isa = PBXFileReference; lastKnownFileType = file.xib; path = HourlyTableViewCell.xib; sourceTree = "<group>"; };
		A8FA0E212971641D00D45AB1 /* WeatherCollectionViewCell.swift */ = {isa = PBXFileReference; lastKnownFileType = sourcecode.swift; path = WeatherCollectionViewCell.swift; sourceTree = "<group>"; };
		A8FA0E222971641D00D45AB1 /* WeatherCollectionViewCell.xib */ = {isa = PBXFileReference; lastKnownFileType = file.xib; path = WeatherCollectionViewCell.xib; sourceTree = "<group>"; };
/* End PBXFileReference section */

/* Begin PBXFrameworksBuildPhase section */
		A8FA0DFC296AE50A00D45AB1 /* Frameworks */ = {
			isa = PBXFrameworksBuildPhase;
			buildActionMask = 2147483647;
			files = (
			);
			runOnlyForDeploymentPostprocessing = 0;
		};
/* End PBXFrameworksBuildPhase section */

/* Begin PBXGroup section */
		A84B9C6129B3A58200BBCAB9 /* SupportingFiles */ = {
			isa = PBXGroup;
			children = (
				A8FA0E02296AE50A00D45AB1 /* AppDelegate.swift */,
				A8FA0E04296AE50A00D45AB1 /* SceneDelegate.swift */,
				A8FA0E0B296AE50C00D45AB1 /* Assets.xcassets */,
				A8FA0E0D296AE50C00D45AB1 /* LaunchScreen.storyboard */,
			);
			path = SupportingFiles;
			sourceTree = "<group>";
		};
		A8FA0DF6296AE50A00D45AB1 = {
			isa = PBXGroup;
			children = (
				A8FA0E01296AE50A00D45AB1 /* MyWeather */,
				A8FA0E00296AE50A00D45AB1 /* Products */,
			);
			sourceTree = "<group>";
		};
		A8FA0E00296AE50A00D45AB1 /* Products */ = {
			isa = PBXGroup;
			children = (
				A8FA0DFF296AE50A00D45AB1 /* MyWeather.app */,
			);
			name = Products;
			sourceTree = "<group>";
		};
		A8FA0E01296AE50A00D45AB1 /* MyWeather */ = {
			isa = PBXGroup;
			children = (
				A8FA0E20297163E500D45AB1 /* CollectionViewCell */,
				A8FA0E17296AE92E00D45AB1 /* HourlyCollectionCell */,
				A8FA0E16296AE91400D45AB1 /* WeatherCell */,
				A84B9C6129B3A58200BBCAB9 /* SupportingFiles */,
				A8FA0E06296AE50A00D45AB1 /* ViewController.swift */,
				A8FA0E08296AE50A00D45AB1 /* Main.storyboard */,
				A8FA0E10296AE50C00D45AB1 /* Info.plist */,
			);
			path = MyWeather;
			sourceTree = "<group>";
		};
		A8FA0E16296AE91400D45AB1 /* WeatherCell */ = {
			isa = PBXGroup;
			children = (
				A8FA0E18296ED91900D45AB1 /* WeatherTableViewCell.swift */,
				A8FA0E19296ED91900D45AB1 /* WeatherTableViewCell.xib */,
			);
			path = WeatherCell;
			sourceTree = "<group>";
		};
		A8FA0E17296AE92E00D45AB1 /* HourlyCollectionCell */ = {
			isa = PBXGroup;
			children = (
				A8FA0E1C296ED93B00D45AB1 /* HourlyTableViewCell.swift */,
				A8FA0E1D296ED93B00D45AB1 /* HourlyTableViewCell.xib */,
			);
			path = HourlyCollectionCell;
			sourceTree = "<group>";
		};
		A8FA0E20297163E500D45AB1 /* CollectionViewCell */ = {
			isa = PBXGroup;
			children = (
				A8FA0E212971641D00D45AB1 /* WeatherCollectionViewCell.swift */,
				A8FA0E222971641D00D45AB1 /* WeatherCollectionViewCell.xib */,
			);
			path = CollectionViewCell;
			sourceTree = "<group>";
		};
/* End PBXGroup section */

/* Begin PBXNativeTarget section */
		A8FA0DFE296AE50A00D45AB1 /* MyWeather */ = {
			isa = PBXNativeTarget;
			buildConfigurationList = A8FA0E13296AE50C00D45AB1 /* Build configuration list for PBXNativeTarget "MyWeather" */;
			buildPhases = (
				A8FA0DFB296AE50A00D45AB1 /* Sources */,
				A8FA0DFC296AE50A00D45AB1 /* Frameworks */,
				A8FA0DFD296AE50A00D45AB1 /* Resources */,
			);
			buildRules = (
			);
			dependencies = (
			);
			name = MyWeather;
			productName = MyWeather;
			productReference = A8FA0DFF296AE50A00D45AB1 /* MyWeather.app */;
			productType = "com.apple.product-type.application";
		};
/* End PBXNativeTarget section */

/* Begin PBXProject section */
		A8FA0DF7296AE50A00D45AB1 /* Project object */ = {
			isa = PBXProject;
			attributes = {
				BuildIndependentTargetsInParallel = 1;
				LastSwiftUpdateCheck = 1420;
				LastUpgradeCheck = 1420;
				TargetAttributes = {
					A8FA0DFE296AE50A00D45AB1 = {
						CreatedOnToolsVersion = 14.2;
					};
				};
			};
			buildConfigurationList = A8FA0DFA296AE50A00D45AB1 /* Build configuration list for PBXProject "MyWeather" */;
			compatibilityVersion = "Xcode 14.0";
			developmentRegion = en;
			hasScannedForEncodings = 0;
			knownRegions = (
				en,
				Base,
			);
			mainGroup = A8FA0DF6296AE50A00D45AB1;
			productRefGroup = A8FA0E00296AE50A00D45AB1 /* Products */;
			projectDirPath = "";
			projectRoot = "";
			targets = (
				A8FA0DFE296AE50A00D45AB1 /* MyWeather */,
			);
		};
/* End PBXProject section */

/* Begin PBXResourcesBuildPhase section */
		A8FA0DFD296AE50A00D45AB1 /* Resources */ = {
			isa = PBXResourcesBuildPhase;
			buildActionMask = 2147483647;
			files = (
				A8FA0E1B296ED91900D45AB1 /* WeatherTableViewCell.xib in Resources */,
				A8FA0E1F296ED93B00D45AB1 /* HourlyTableViewCell.xib in Resources */,
				A8FA0E0F296AE50C00D45AB1 /* LaunchScreen.storyboard in Resources */,
				A8FA0E0C296AE50C00D45AB1 /* Assets.xcassets in Resources */,
				A8FA0E0A296AE50A00D45AB1 /* Main.storyboard in Resources */,
				A8FA0E242971641D00D45AB1 /* WeatherCollectionViewCell.xib in Resources */,
			);
			runOnlyForDeploymentPostprocessing = 0;
		};
/* End PBXResourcesBuildPhase section */

/* Begin PBXSourcesBuildPhase section */
		A8FA0DFB296AE50A00D45AB1 /* Sources */ = {
			isa = PBXSourcesBuildPhase;
			buildActionMask = 2147483647;
			files = (
				A8FA0E1A296ED91900D45AB1 /* WeatherTableViewCell.swift in Sources */,
				A8FA0E07296AE50A00D45AB1 /* ViewController.swift in Sources */,
				A8FA0E1E296ED93B00D45AB1 /* HourlyTableViewCell.swift in Sources */,
				A8FA0E232971641D00D45AB1 /* WeatherCollectionViewCell.swift in Sources */,
				A8FA0E03296AE50A00D45AB1 /* AppDelegate.swift in Sources */,
				A8FA0E05296AE50A00D45AB1 /* SceneDelegate.swift in Sources */,
			);
			runOnlyForDeploymentPostprocessing = 0;
		};
/* End PBXSourcesBuildPhase section */

/* Begin PBXVariantGroup section */
		A8FA0E08296AE50A00D45AB1 /* Main.storyboard */ = {
			isa = PBXVariantGroup;
			children = (
				A8FA0E09296AE50A00D45AB1 /* Base */,
			);
			name = Main.storyboard;
			sourceTree = "<group>";
		};
		A8FA0E0D296AE50C00D45AB1 /* LaunchScreen.storyboard */ = {
			isa = PBXVariantGroup;
			children = (
				A8FA0E0E296AE50C00D45AB1 /* Base */,
			);
			name = LaunchScreen.storyboard;
			sourceTree = "<group>";
		};
/* End PBXVariantGroup section */

/* Begin XCBuildConfiguration section */
		A8FA0E11296AE50C00D45AB1 /* Debug */ = {
			isa = XCBuildConfiguration;
			buildSettings = {
				ALWAYS_SEARCH_USER_PATHS = NO;
				CLANG_ANALYZER_NONNULL = YES;
				CLANG_ANALYZER_NUMBER_OBJECT_CONVERSION = YES_AGGRESSIVE;
				CLANG_CXX_LANGUAGE_STANDARD = "gnu++20";
				CLANG_ENABLE_MODULES = YES;
				CLANG_ENABLE_OBJC_ARC = YES;
				CLANG_ENABLE_OBJC_WEAK = YES;
				CLANG_WARN_BLOCK_CAPTURE_AUTORELEASING = YES;
				CLANG_WARN_BOOL_CONVERSION = YES;
				CLANG_WARN_COMMA = YES;
				CLANG_WARN_CONSTANT_CONVERSION = YES;
				CLANG_WARN_DEPRECATED_OBJC_IMPLEMENTATIONS = YES;
				CLANG_WARN_DIRECT_OBJC_ISA_USAGE = YES_ERROR;
				CLANG_WARN_DOCUMENTATION_COMMENTS = YES;
				CLANG_WARN_EMPTY_BODY = YES;
				CLANG_WARN_ENUM_CONVERSION = YES;
				CLANG_WARN_INFINITE_RECURSION = YES;
				CLANG_WARN_INT_CONVERSION = YES;
				CLANG_WARN_NON_LITERAL_NULL_CONVERSION = YES;
				CLANG_WARN_OBJC_IMPLICIT_RETAIN_SELF = YES;
				CLANG_WARN_OBJC_LITERAL_CONVERSION = YES;
				CLANG_WARN_OBJC_ROOT_CLASS = YES_ERROR;
				CLANG_WARN_QUOTED_INCLUDE_IN_FRAMEWORK_HEADER = YES;
				CLANG_WARN_RANGE_LOOP_ANALYSIS = YES;
				CLANG_WARN_STRICT_PROTOTYPES = YES;
				CLANG_WARN_SUSPICIOUS_MOVE = YES;
				CLANG_WARN_UNGUARDED_AVAILABILITY = YES_AGGRESSIVE;
				CLANG_WARN_UNREACHABLE_CODE = YES;
				CLANG_WARN__DUPLICATE_METHOD_MATCH = YES;
				COPY_PHASE_STRIP = NO;
				DEBUG_INFORMATION_FORMAT = dwarf;
				ENABLE_STRICT_OBJC_MSGSEND = YES;
				ENABLE_TESTABILITY = YES;
				GCC_C_LANGUAGE_STANDARD = gnu11;
				GCC_DYNAMIC_NO_PIC = NO;
				GCC_NO_COMMON_BLOCKS = YES;
				GCC_OPTIMIZATION_LEVEL = 0;
				GCC_PREPROCESSOR_DEFINITIONS = (
					"DEBUG=1",
					"$(inherited)",
				);
				GCC_WARN_64_TO_32_BIT_CONVERSION = YES;
				GCC_WARN_ABOUT_RETURN_TYPE = YES_ERROR;
				GCC_WARN_UNDECLARED_SELECTOR = YES;
				GCC_WARN_UNINITIALIZED_AUTOS = YES_AGGRESSIVE;
				GCC_WARN_UNUSED_FUNCTION = YES;
				GCC_WARN_UNUSED_VARIABLE = YES;
				IPHONEOS_DEPLOYMENT_TARGET = 16.2;
				MTL_ENABLE_DEBUG_INFO = INCLUDE_SOURCE;
				MTL_FAST_MATH = YES;
				ONLY_ACTIVE_ARCH = YES;
				SDKROOT = iphoneos;
				SWIFT_ACTIVE_COMPILATION_CONDITIONS = DEBUG;
				SWIFT_OPTIMIZATION_LEVEL = "-Onone";
			};
			name = Debug;
		};
		A8FA0E12296AE50C00D45AB1 /* Release */ = {
			isa = XCBuildConfiguration;
			buildSettings = {
				ALWAYS_SEARCH_USER_PATHS = NO;
				CLANG_ANALYZER_NONNULL = YES;
				CLANG_ANALYZER_NUMBER_OBJECT_CONVERSION = YES_AGGRESSIVE;
				CLANG_CXX_LANGUAGE_STANDARD = "gnu++20";
				CLANG_ENABLE_MODULES = YES;
				CLANG_ENABLE_OBJC_ARC = YES;
				CLANG_ENABLE_OBJC_WEAK = YES;
				CLANG_WARN_BLOCK_CAPTURE_AUTORELEASING = YES;
				CLANG_WARN_BOOL_CONVERSION = YES;
				CLANG_WARN_COMMA = YES;
				CLANG_WARN_CONSTANT_CONVERSION = YES;
				CLANG_WARN_DEPRECATED_OBJC_IMPLEMENTATIONS = YES;
				CLANG_WARN_DIRECT_OBJC_ISA_USAGE = YES_ERROR;
				CLANG_WARN_DOCUMENTATION_COMMENTS = YES;
				CLANG_WARN_EMPTY_BODY = YES;
				CLANG_WARN_ENUM_CONVERSION = YES;
				CLANG_WARN_INFINITE_RECURSION = YES;
				CLANG_WARN_INT_CONVERSION = YES;
				CLANG_WARN_NON_LITERAL_NULL_CONVERSION = YES;
				CLANG_WARN_OBJC_IMPLICIT_RETAIN_SELF = YES;
				CLANG_WARN_OBJC_LITERAL_CONVERSION = YES;
				CLANG_WARN_OBJC_ROOT_CLASS = YES_ERROR;
				CLANG_WARN_QUOTED_INCLUDE_IN_FRAMEWORK_HEADER = YES;
				CLANG_WARN_RANGE_LOOP_ANALYSIS = YES;
				CLANG_WARN_STRICT_PROTOTYPES = YES;
				CLANG_WARN_SUSPICIOUS_MOVE = YES;
				CLANG_WARN_UNGUARDED_AVAILABILITY = YES_AGGRESSIVE;
				CLANG_WARN_UNREACHABLE_CODE = YES;
				CLANG_WARN__DUPLICATE_METHOD_MATCH = YES;
				COPY_PHASE_STRIP = NO;
				DEBUG_INFORMATION_FORMAT = "dwarf-with-dsym";
				ENABLE_NS_ASSERTIONS = NO;
				ENABLE_STRICT_OBJC_MSGSEND = YES;
				GCC_C_LANGUAGE_STANDARD = gnu11;
				GCC_NO_COMMON_BLOCKS = YES;
				GCC_WARN_64_TO_32_BIT_CONVERSION = YES;
				GCC_WARN_ABOUT_RETURN_TYPE = YES_ERROR;
				GCC_WARN_UNDECLARED_SELECTOR = YES;
				GCC_WARN_UNINITIALIZED_AUTOS = YES_AGGRESSIVE;
				GCC_WARN_UNUSED_FUNCTION = YES;
				GCC_WARN_UNUSED_VARIABLE = YES;
				IPHONEOS_DEPLOYMENT_TARGET = 16.2;
				MTL_ENABLE_DEBUG_INFO = NO;
				MTL_FAST_MATH = YES;
				SDKROOT = iphoneos;
				SWIFT_COMPILATION_MODE = wholemodule;
				SWIFT_OPTIMIZATION_LEVEL = "-O";
				VALIDATE_PRODUCT = YES;
			};
			name = Release;
		};
		A8FA0E14296AE50C00D45AB1 /* Debug */ = {
			isa = XCBuildConfiguration;
			buildSettings = {
				ASSETCATALOG_COMPILER_APPICON_NAME = AppIcon;
				ASSETCATALOG_COMPILER_GLOBAL_ACCENT_COLOR_NAME = AccentColor;
				CODE_SIGN_STYLE = Automatic;
				CURRENT_PROJECT_VERSION = 1;
				GENERATE_INFOPLIST_FILE = YES;
				INFOPLIST_FILE = MyWeather/Info.plist;
				INFOPLIST_KEY_UIApplicationSupportsIndirectInputEvents = YES;
				INFOPLIST_KEY_UILaunchStoryboardName = LaunchScreen;
				INFOPLIST_KEY_UIMainStoryboardFile = Main;
				INFOPLIST_KEY_UISupportedInterfaceOrientations_iPad = "UIInterfaceOrientationPortrait UIInterfaceOrientationPortraitUpsideDown UIInterfaceOrientationLandscapeLeft UIInterfaceOrientationLandscapeRight";
				INFOPLIST_KEY_UISupportedInterfaceOrientations_iPhone = "UIInterfaceOrientationPortrait UIInterfaceOrientationLandscapeLeft UIInterfaceOrientationLandscapeRight";
				LD_RUNPATH_SEARCH_PATHS = (
					"$(inherited)",
					"@executable_path/Frameworks",
				);
				MARKETING_VERSION = 1.0;
				PRODUCT_BUNDLE_IDENTIFIER = "iraklinozadze2509-gmail.com.MyWeather";
				PRODUCT_NAME = "$(TARGET_NAME)";
				SWIFT_EMIT_LOC_STRINGS = YES;
				SWIFT_VERSION = 5.0;
				TARGETED_DEVICE_FAMILY = "1,2";
			};
			name = Debug;
		};
		A8FA0E15296AE50C00D45AB1 /* Release */ = {
			isa = XCBuildConfiguration;
			buildSettings = {
				ASSETCATALOG_COMPILER_APPICON_NAME = AppIcon;
				ASSETCATALOG_COMPILER_GLOBAL_ACCENT_COLOR_NAME = AccentColor;
				CODE_SIGN_STYLE = Automatic;
				CURRENT_PROJECT_VERSION = 1;
				GENERATE_INFOPLIST_FILE = YES;
				INFOPLIST_FILE = MyWeather/Info.plist;
				INFOPLIST_KEY_UIApplicationSupportsIndirectInputEvents = YES;
				INFOPLIST_KEY_UILaunchStoryboardName = LaunchScreen;
				INFOPLIST_KEY_UIMainStoryboardFile = Main;
				INFOPLIST_KEY_UISupportedInterfaceOrientations_iPad = "UIInterfaceOrientationPortrait UIInterfaceOrientationPortraitUpsideDown UIInterfaceOrientationLandscapeLeft UIInterfaceOrientationLandscapeRight";
				INFOPLIST_KEY_UISupportedInterfaceOrientations_iPhone = "UIInterfaceOrientationPortrait UIInterfaceOrientationLandscapeLeft UIInterfaceOrientationLandscapeRight";
				LD_RUNPATH_SEARCH_PATHS = (
					"$(inherited)",
					"@executable_path/Frameworks",
				);
				MARKETING_VERSION = 1.0;
				PRODUCT_BUNDLE_IDENTIFIER = "iraklinozadze2509-gmail.com.MyWeather";
				PRODUCT_NAME = "$(TARGET_NAME)";
				SWIFT_EMIT_LOC_STRINGS = YES;
				SWIFT_VERSION = 5.0;
				TARGETED_DEVICE_FAMILY = "1,2";
			};
			name = Release;
		};
/* End XCBuildConfiguration section */

/* Begin XCConfigurationList section */
		A8FA0DFA296AE50A00D45AB1 /* Build configuration list for PBXProject "MyWeather" */ = {
			isa = XCConfigurationList;
			buildConfigurations = (
				A8FA0E11296AE50C00D45AB1 /* Debug */,
				A8FA0E12296AE50C00D45AB1 /* Release */,
			);
			defaultConfigurationIsVisible = 0;
			defaultConfigurationName = Release;
		};
		A8FA0E13296AE50C00D45AB1 /* Build configuration list for PBXNativeTarget "MyWeather" */ = {
			isa = XCConfigurationList;
			buildConfigurations = (
				A8FA0E14296AE50C00D45AB1 /* Debug */,
				A8FA0E15296AE50C00D45AB1 /* Release */,
			);
			defaultConfigurationIsVisible = 0;
			defaultConfigurationName = Release;
		};
/* End XCConfigurationList section */
	};
	rootObject = A8FA0DF7296AE50A00D45AB1 /* Project object */;
}
